
Microsoft Visual Studio Solution File, Format Version 12.00
# Visual Studio 15
Project("{FAE04EC0-301F-11D3-BF4B-00C04F79EFBC}") = "WebApplication", "WebApplication.csproj", "{296DF94E-FD20-4852-B04B-0D8268BBE721}"
EndProject
Global
	GlobalSection(SolutionConfigurationPlatforms) = preSolution
		Debug|Any CPU = Debug|Any CPU
		Release|Any CPU = Release|Any CPU
	EndGlobalSection
	GlobalSection(ProjectConfigurationPlatforms) = postSolution
		{296DF94E-FD20-4852-B04B-0D8268BBE721}.Debug|Any CPU.ActiveCfg = Debug|Any CPU
		{296DF94E-FD20-4852-B04B-0D8268BBE721}.Debug|Any CPU.Build.0 = Debug|Any CPU
		{296DF94E-FD20-4852-B04B-0D8268BBE721}.Release|Any CPU.ActiveCfg = Release|Any CPU
		{296DF94E-FD20-4852-B04B-0D8268BBE721}.Release|Any CPU.Build.0 = Release|Any CPU
	EndGlobalSection
EndGlobal
